
Microsoft Visual Studio Solution File, Format Version 12.00
# Visual Studio Version 17
VisualStudioVersion = 17.1.32319.34
MinimumVisualStudioVersion = 10.0.40219.1
Project("{2150E333-8FDC-42A3-9474-1A3956D46DE8}") = "src", "src", "{E99BBF2A-FEAE-4CA4-BD18-646D1ACAB543}"
EndProject
Project("{2150E333-8FDC-42A3-9474-1A3956D46DE8}") = "test", "test", "{8C9FFBEC-F477-4037-B3FE-BAF02ED3A16C}"
EndProject
Project("{2150E333-8FDC-42A3-9474-1A3956D46DE8}") = "_SolutionItems", "_SolutionItems", "{BCA66129-FEC9-4244-B53E-931B928C723E}"
	ProjectSection(SolutionItems) = preProject
		CHANGELOG.md = CHANGELOG.md
		README.md = README.md
		README_en.md = README_en.md
	EndProjectSection
EndProject
Project("{2150E333-8FDC-42A3-9474-1A3956D46DE8}") = "shared", "shared", "{075CC441-9BF3-4520-93D3-AE00A6758C2D}"
EndProject
Project("{D954291E-2A0B-460D-934E-DC6B0785DB48}") = "Fody.Simulations", "shared\Fody.Simulations\Fody.Simulations.shproj", "{A4AAE133-ECEF-48FC-B04C-015811E24C6D}"
EndProject
Project("{D954291E-2A0B-460D-934E-DC6B0785DB48}") = "Cecil.AspectN", "shared\Cecil.AspectN\Cecil.AspectN.shproj", "{DA6B6E9A-B485-4391-9934-CF0CFF653BB8}"
EndProject
Project("{FAE04EC0-301F-11D3-BF4B-00C04F79EFBC}") = "ParentMutator", "src\ParentMutator\ParentMutator.csproj", "{80FAE7FE-A124-4E88-ABA0-9DC43EA73C9A}"
	ProjectSection(ProjectDependencies) = postProject
		{E7A83D3B-FA98-43D6-9DA8-C35AC574B869} = {E7A83D3B-FA98-43D6-9DA8-C35AC574B869}
	EndProjectSection
EndProject
Project("{FAE04EC0-301F-11D3-BF4B-00C04F79EFBC}") = "ParentMutator.Fody", "src\ParentMutator.Fody\ParentMutator.Fody.csproj", "{E7A83D3B-FA98-43D6-9DA8-C35AC574B869}"
EndProject
Global
	GlobalSection(SolutionConfigurationPlatforms) = preSolution
		Debug|Any CPU = Debug|Any CPU
		Release|Any CPU = Release|Any CPU
	EndGlobalSection
	GlobalSection(ProjectConfigurationPlatforms) = postSolution
		{80FAE7FE-A124-4E88-ABA0-9DC43EA73C9A}.Debug|Any CPU.ActiveCfg = Debug|Any CPU
		{80FAE7FE-A124-4E88-ABA0-9DC43EA73C9A}.Debug|Any CPU.Build.0 = Debug|Any CPU
		{80FAE7FE-A124-4E88-ABA0-9DC43EA73C9A}.Release|Any CPU.ActiveCfg = Release|Any CPU
		{80FAE7FE-A124-4E88-ABA0-9DC43EA73C9A}.Release|Any CPU.Build.0 = Release|Any CPU
		{E7A83D3B-FA98-43D6-9DA8-C35AC574B869}.Debug|Any CPU.ActiveCfg = Debug|Any CPU
		{E7A83D3B-FA98-43D6-9DA8-C35AC574B869}.Debug|Any CPU.Build.0 = Debug|Any CPU
		{E7A83D3B-FA98-43D6-9DA8-C35AC574B869}.Release|Any CPU.ActiveCfg = Release|Any CPU
		{E7A83D3B-FA98-43D6-9DA8-C35AC574B869}.Release|Any CPU.Build.0 = Release|Any CPU
	EndGlobalSection
	GlobalSection(SolutionProperties) = preSolution
		HideSolutionNode = FALSE
	EndGlobalSection
	GlobalSection(NestedProjects) = preSolution
		{A4AAE133-ECEF-48FC-B04C-015811E24C6D} = {075CC441-9BF3-4520-93D3-AE00A6758C2D}
		{DA6B6E9A-B485-4391-9934-CF0CFF653BB8} = {075CC441-9BF3-4520-93D3-AE00A6758C2D}
		{80FAE7FE-A124-4E88-ABA0-9DC43EA73C9A} = {E99BBF2A-FEAE-4CA4-BD18-646D1ACAB543}
		{E7A83D3B-FA98-43D6-9DA8-C35AC574B869} = {E99BBF2A-FEAE-4CA4-BD18-646D1ACAB543}
	EndGlobalSection
	GlobalSection(ExtensibilityGlobals) = postSolution
		SolutionGuid = {0BD0178E-76E0-4736-A036-89B1AA268A05}
	EndGlobalSection
	GlobalSection(SharedMSBuildProjectFiles) = preSolution
		shared\Fody.Simulations\Fody.Simulations.projitems*{a4aae133-ecef-48fc-b04c-015811e24c6d}*SharedItemsImports = 13
		shared\Cecil.AspectN\Cecil.AspectN.projitems*{da6b6e9a-b485-4391-9934-cf0cff653bb8}*SharedItemsImports = 13
		shared\Cecil.AspectN\Cecil.AspectN.projitems*{e7a83d3b-fa98-43d6-9da8-c35ac574b869}*SharedItemsImports = 5
		shared\Fody.Simulations\Fody.Simulations.projitems*{e7a83d3b-fa98-43d6-9da8-c35ac574b869}*SharedItemsImports = 5
	EndGlobalSection
EndGlobal
